Microsoft Visual Studio Solution File, Format Version 12.00
# Visual Studio Version 17
VisualStudioVersion = 17.5.2.0
MinimumVisualStudioVersion = 10.0.40219.1
Project("{FAE04EC0-301F-11D3-BF4B-00C04F79EFBC}") = "Pass", "Pass.csproj", "{2132E056-0162-7C1B-5FBB-FE69F3EEBC64}"
EndProject
Global
	GlobalSection(SolutionConfigurationPlatforms) = preSolution
		Debug|Any CPU = Debug|Any CPU
		Release|Any CPU = Release|Any CPU
	EndGlobalSection
	GlobalSection(ProjectConfigurationPlatforms) = postSolution
		{2132E056-0162-7C1B-5FBB-FE69F3EEBC64}.Debug|Any CPU.ActiveCfg = Debug|Any CPU
		{2132E056-0162-7C1B-5FBB-FE69F3EEBC64}.Debug|Any CPU.Build.0 = Debug|Any CPU
		{2132E056-0162-7C1B-5FBB-FE69F3EEBC64}.Release|Any CPU.ActiveCfg = Release|Any CPU
		{2132E056-0162-7C1B-5FBB-FE69F3EEBC64}.Release|Any CPU.Build.0 = Release|Any CPU
	EndGlobalSection
	GlobalSection(SolutionProperties) = preSolution
		HideSolutionNode = FALSE
	EndGlobalSection
	GlobalSection(ExtensibilityGlobals) = postSolution
		SolutionGuid = {539A4DA7-0929-4752-994D-13D0F889FE6F}
	EndGlobalSection
EndGlobal
